
Microsoft Visual Studio Solution File, Format Version 12.00
# Visual Studio Version 16
VisualStudioVersion = 16.0.30114.105
MinimumVisualStudioVersion = 10.0.40219.1
Project("{2150E333-8FDC-42A3-9474-1A3956D46DE8}") = "src", "src", "{736D6FCC-5F56-43E9-9FB0-BF813950C9D1}"
EndProject
Project("{FAE04EC0-301F-11D3-BF4B-00C04F79EFBC}") = "Api.WeathersInfo.Com", "src\Api.WeathersInfo.Com\Api.WeathersInfo.Com.csproj", "{2A18C6BC-11EB-44BF-8BCF-EF18E12FAA80}"
EndProject
Project("{FAE04EC0-301F-11D3-BF4B-00C04F79EFBC}") = "Model.WeathersInfo.Com", "src\Model.WeathersInfo.Com\Model.WeathersInfo.Com.csproj", "{0CE0304A-3241-4D1A-8DEB-24D0FBBEFEFC}"
EndProject
Global
	GlobalSection(SolutionConfigurationPlatforms) = preSolution
		Debug|Any CPU = Debug|Any CPU
		Release|Any CPU = Release|Any CPU
	EndGlobalSection
	GlobalSection(SolutionProperties) = preSolution
		HideSolutionNode = FALSE
	EndGlobalSection
	GlobalSection(ProjectConfigurationPlatforms) = postSolution
		{2A18C6BC-11EB-44BF-8BCF-EF18E12FAA80}.Debug|Any CPU.ActiveCfg = Debug|Any CPU
		{2A18C6BC-11EB-44BF-8BCF-EF18E12FAA80}.Debug|Any CPU.Build.0 = Debug|Any CPU
		{2A18C6BC-11EB-44BF-8BCF-EF18E12FAA80}.Release|Any CPU.ActiveCfg = Release|Any CPU
		{2A18C6BC-11EB-44BF-8BCF-EF18E12FAA80}.Release|Any CPU.Build.0 = Release|Any CPU
		{0CE0304A-3241-4D1A-8DEB-24D0FBBEFEFC}.Debug|Any CPU.ActiveCfg = Debug|Any CPU
		{0CE0304A-3241-4D1A-8DEB-24D0FBBEFEFC}.Debug|Any CPU.Build.0 = Debug|Any CPU
		{0CE0304A-3241-4D1A-8DEB-24D0FBBEFEFC}.Release|Any CPU.ActiveCfg = Release|Any CPU
		{0CE0304A-3241-4D1A-8DEB-24D0FBBEFEFC}.Release|Any CPU.Build.0 = Release|Any CPU
	EndGlobalSection
	GlobalSection(NestedProjects) = preSolution
		{2A18C6BC-11EB-44BF-8BCF-EF18E12FAA80} = {736D6FCC-5F56-43E9-9FB0-BF813950C9D1}
		{0CE0304A-3241-4D1A-8DEB-24D0FBBEFEFC} = {736D6FCC-5F56-43E9-9FB0-BF813950C9D1}
	EndGlobalSection
EndGlobal
